
Microsoft Visual Studio Solution File, Format Version 12.00
# Visual Studio Version 17
VisualStudioVersion = 17.1.32319.34
MinimumVisualStudioVersion = 10.0.40219.1
Project("{FAE04EC0-301F-11D3-BF4B-00C04F79EFBC}") = "Calculadora", "Calculadora.csproj", "{7EBD2E65-506F-4BB5-AAEC-E0763B8D3901}"
EndProject
Global
	GlobalSection(SolutionConfigurationPlatforms) = preSolution
		Debug|Any CPU = Debug|Any CPU
		Release|Any CPU = Release|Any CPU
	EndGlobalSection
	GlobalSection(ProjectConfigurationPlatforms) = postSolution
		{7EBD2E65-506F-4BB5-AAEC-E0763B8D3901}.Debug|Any CPU.ActiveCfg = Debug|Any CPU
		{7EBD2E65-506F-4BB5-AAEC-E0763B8D3901}.Debug|Any CPU.Build.0 = Debug|Any CPU
		{7EBD2E65-506F-4BB5-AAEC-E0763B8D3901}.Release|Any CPU.ActiveCfg = Release|Any CPU
		{7EBD2E65-506F-4BB5-AAEC-E0763B8D3901}.Release|Any CPU.Build.0 = Release|Any CPU
	EndGlobalSection
	GlobalSection(SolutionProperties) = preSolution
		HideSolutionNode = FALSE
	EndGlobalSection
	GlobalSection(ExtensibilityGlobals) = postSolution
		SolutionGuid = {B5A03CC3-AA07-4513-841C-16C79544CE54}
	EndGlobalSection
EndGlobal
